
Microsoft Visual Studio Solution File, Format Version 12.00
# Visual Studio 15
VisualStudioVersion = 15.0.28307.106
MinimumVisualStudioVersion = 10.0.40219.1
Project("{FAE04EC0-301F-11D3-BF4B-00C04F79EFBC}") = "SteamLibCompare", "SteamLibCompare.csproj", "{EC570C9C-17DC-41E8-9079-75D7F41CBC85}"
EndProject
Global
	GlobalSection(SolutionConfigurationPlatforms) = preSolution
		Debug|Any CPU = Debug|Any CPU
		Release|Any CPU = Release|Any CPU
	EndGlobalSection
	GlobalSection(ProjectConfigurationPlatforms) = postSolution
		{EC570C9C-17DC-41E8-9079-75D7F41CBC85}.Debug|Any CPU.ActiveCfg = Debug|Any CPU
		{EC570C9C-17DC-41E8-9079-75D7F41CBC85}.Debug|Any CPU.Build.0 = Debug|Any CPU
		{EC570C9C-17DC-41E8-9079-75D7F41CBC85}.Release|Any CPU.ActiveCfg = Release|Any CPU
		{EC570C9C-17DC-41E8-9079-75D7F41CBC85}.Release|Any CPU.Build.0 = Release|Any CPU
	EndGlobalSection
	GlobalSection(SolutionProperties) = preSolution
		HideSolutionNode = FALSE
	EndGlobalSection
	GlobalSection(ExtensibilityGlobals) = postSolution
		SolutionGuid = {5E1E4EE5-62DB-42E0-A55A-3B64A0476AAF}
	EndGlobalSection
EndGlobal
